// !$*UTF8*$!
{
	archiveVersion = 1;
	classes = {
	};
	objectVersion = 52;
	objects = {

/* Begin PBXBuildFile section */
		1936D8262604585400145F2A /* Weather_MVVMApp.swift in Sources */ = {isa = PBXBuildFile; fileRef = 1936D8252604585400145F2A /* Weather_MVVMApp.swift */; };
		1936D8282604585400145F2A /* ContentView.swift in Sources */ = {isa = PBXBuildFile; fileRef = 1936D8272604585400145F2A /* ContentView.swift */; };
		1936D82A2604585900145F2A /* Assets.xcassets in Resources */ = {isa = PBXBuildFile; fileRef = 1936D8292604585900145F2A /* Assets.xcassets */; };
		1936D82D2604585900145F2A /* Preview Assets.xcassets in Resources */ = {isa = PBXBuildFile; fileRef = 1936D82C2604585900145F2A /* Preview Assets.xcassets */; };
		1936D83C26045AEF00145F2A /* API.swift in Sources */ = {isa = PBXBuildFile; fileRef = 1936D83B26045AEF00145F2A /* API.swift */; };
		1936D83F26045B1000145F2A /* API+Extensions.swift in Sources */ = {isa = PBXBuildFile; fileRef = 1936D83E26045B1000145F2A /* API+Extensions.swift */; };
		1936D84226045C3D00145F2A /* NetworkManager.swift in Sources */ = {isa = PBXBuildFile; fileRef = 1936D84126045C3D00145F2A /* NetworkManager.swift */; };
		1936D84526045ED300145F2A /* WeatherResponse.swift in Sources */ = {isa = PBXBuildFile; fileRef = 1936D84426045ED300145F2A /* WeatherResponse.swift */; };
		1936D84826045F0600145F2A /* Weather.swift in Sources */ = {isa = PBXBuildFile; fileRef = 1936D84726045F0600145F2A /* Weather.swift */; };
		1936D84B26045F1D00145F2A /* WeatherDetail.swift in Sources */ = {isa = PBXBuildFile; fileRef = 1936D84A26045F1D00145F2A /* WeatherDetail.swift */; };
		1936D84E26045F2A00145F2A /* DailyWeather.swift in Sources */ = {isa = PBXBuildFile; fileRef = 1936D84D26045F2A00145F2A /* DailyWeather.swift */; };
		1936D85126045F3E00145F2A /* Temperature.swift in Sources */ = {isa = PBXBuildFile; fileRef = 1936D85026045F3E00145F2A /* Temperature.swift */; };
		1936D854260469C100145F2A /* CityViewViewModel.swift in Sources */ = {isa = PBXBuildFile; fileRef = 1936D853260469C100145F2A /* CityViewViewModel.swift */; };
		1936D8592604709200145F2A /* Lottie in Frameworks */ = {isa = PBXBuildFile; productRef = 1936D8582604709200145F2A /* Lottie */; };
		1936D85C260470D400145F2A /* LottieView.swift in Sources */ = {isa = PBXBuildFile; fileRef = 1936D85B260470D400145F2A /* LottieView.swift */; };
		1936D8702604725B00145F2A /* nightClearSky.json in Resources */ = {isa = PBXBuildFile; fileRef = 1936D85E2604725800145F2A /* nightClearSky.json */; };
		1936D8712604725B00145F2A /* nightShowerRains.json in Resources */ = {isa = PBXBuildFile; fileRef = 1936D85F2604725800145F2A /* nightShowerRains.json */; };
		1936D8722604725B00145F2A /* dayClearSky.json in Resources */ = {isa = PBXBuildFile; fileRef = 1936D8602604725800145F2A /* dayClearSky.json */; };
		1936D8732604725B00145F2A /* dayScatteredClouds.json in Resources */ = {isa = PBXBuildFile; fileRef = 1936D8612604725800145F2A /* dayScatteredClouds.json */; };
		1936D8742604725B00145F2A /* nightThunderstorm.json in Resources */ = {isa = PBXBuildFile; fileRef = 1936D8622604725800145F2A /* nightThunderstorm.json */; };
		1936D8752604725B00145F2A /* dayFewClouds.json in Resources */ = {isa = PBXBuildFile; fileRef = 1936D8632604725900145F2A /* dayFewClouds.json */; };
		1936D8762604725B00145F2A /* dayThunderstorm.json in Resources */ = {isa = PBXBuildFile; fileRef = 1936D8642604725900145F2A /* dayThunderstorm.json */; };
		1936D8772604725B00145F2A /* dayRain.json in Resources */ = {isa = PBXBuildFile; fileRef = 1936D8652604725900145F2A /* dayRain.json */; };
		1936D8782604725B00145F2A /* dayMist.json in Resources */ = {isa = PBXBuildFile; fileRef = 1936D8662604725900145F2A /* dayMist.json */; };
		1936D8792604725B00145F2A /* nightFewClouds.json in Resources */ = {isa = PBXBuildFile; fileRef = 1936D8672604725900145F2A /* nightFewClouds.json */; };
		1936D87A2604725B00145F2A /* nightScatteredClouds.json in Resources */ = {isa = PBXBuildFile; fileRef = 1936D8682604725A00145F2A /* nightScatteredClouds.json */; };
		1936D87B2604725B00145F2A /* nightBrokenClouds.json in Resources */ = {isa = PBXBuildFile; fileRef = 1936D8692604725A00145F2A /* nightBrokenClouds.json */; };
		1936D87C2604725B00145F2A /* nightRain.json in Resources */ = {isa = PBXBuildFile; fileRef = 1936D86A2604725A00145F2A /* nightRain.json */; };
		1936D87D2604725B00145F2A /* dayBrokenClouds.json in Resources */ = {isa = PBXBuildFile; fileRef = 1936D86B2604725A00145F2A /* dayBrokenClouds.json */; };
		1936D87E2604725B00145F2A /* daySnow.json in Resources */ = {isa = PBXBuildFile; fileRef = 1936D86C2604725A00145F2A /* daySnow.json */; };
		1936D87F2604725B00145F2A /* nightMist.json in Resources */ = {isa = PBXBuildFile; fileRef = 1936D86D2604725B00145F2A /* nightMist.json */; };
		1936D8802604725B00145F2A /* dayShowerRains.json in Resources */ = {isa = PBXBuildFile; fileRef = 1936D86E2604725B00145F2A /* dayShowerRains.json */; };
		1936D8812604725B00145F2A /* nightSnow.json in Resources */ = {isa = PBXBuildFile; fileRef = 1936D86F2604725B00145F2A /* nightSnow.json */; };
		1936D8842604727F00145F2A /* MenuHeaderView.swift in Sources */ = {isa = PBXBuildFile; fileRef = 1936D8832604727F00145F2A /* MenuHeaderView.swift */; };
		1936D8872604757000145F2A /* CityNameView.swift in Sources */ = {isa = PBXBuildFile; fileRef = 1936D8862604757000145F2A /* CityNameView.swift */; };
		1936D88A2604762400145F2A /* TodayWeatherView.swift in Sources */ = {isa = PBXBuildFile; fileRef = 1936D8892604762400145F2A /* TodayWeatherView.swift */; };
		1936D88D26047A3100145F2A /* HourlyWeatherView.swift in Sources */ = {isa = PBXBuildFile; fileRef = 1936D88C26047A3100145F2A /* HourlyWeatherView.swift */; };
		1936D89126047C3C00145F2A /* DailyWeatherView.swift in Sources */ = {isa = PBXBuildFile; fileRef = 1936D88F26047C3C00145F2A /* DailyWeatherView.swift */; };
		1936D89226047C3C00145F2A /* CityView.swift in Sources */ = {isa = PBXBuildFile; fileRef = 1936D89026047C3C00145F2A /* CityView.swift */; };
/* End PBXBuildFile section */

/* Begin PBXFileReference section */
		1936D8222604585400145F2A /* Weather MVVM.app */ = {isa = PBXFileReference; explicitFileType = wrapper.application; includeInIndex = 0; path = "Weather MVVM.app"; sourceTree = BUILT_PRODUCTS_DIR; };
		1936D8252604585400145F2A /* Weather_MVVMApp.swift */ = {isa = PBXFileReference; lastKnownFileType = sourcecode.swift; path = Weather_MVVMApp.swift; sourceTree = "<group>"; };
		1936D8272604585400145F2A /* ContentView.swift */ = {isa = PBXFileReference; lastKnownFileType = sourcecode.swift; path = ContentView.swift; sourceTree = "<group>"; };
		1936D8292604585900145F2A /* Assets.xcassets */ = {isa = PBXFileReference; lastKnownFileType = folder.assetcatalog; path = Assets.xcassets; sourceTree = "<group>"; };
		1936D82C2604585900145F2A /* Preview Assets.xcassets */ = {isa = PBXFileReference; lastKnownFileType = folder.assetcatalog; path = "Preview Assets.xcassets"; sourceTree = "<group>"; };
		1936D82E2604585900145F2A /* Info.plist */ = {isa = PBXFileReference; lastKnownFileType = text.plist.xml; path = Info.plist; sourceTree = "<group>"; };
		1936D83B26045AEF00145F2A /* API.swift */ = {isa = PBXFileReference; lastKnownFileType = sourcecode.swift; path = API.swift; sourceTree = "<group>"; };
		1936D83E26045B1000145F2A /* API+Extensions.swift */ = {isa = PBXFileReference; lastKnownFileType = sourcecode.swift; path = "API+Extensions.swift"; sourceTree = "<group>"; };
		1936D84126045C3D00145F2A /* NetworkManager.swift */ = {isa = PBXFileReference; lastKnownFileType = sourcecode.swift; path = NetworkManager.swift; sourceTree = "<group>"; };
		1936D84426045ED300145F2A /* WeatherResponse.swift */ = {isa = PBXFileReference; lastKnownFileType = sourcecode.swift; path = WeatherResponse.swift; sourceTree = "<group>"; };
		1936D84726045F0600145F2A /* Weather.swift */ = {isa = PBXFileReference; lastKnownFileType = sourcecode.swift; path = Weather.swift; sourceTree = "<group>"; };
		1936D84A26045F1D00145F2A /* WeatherDetail.swift */ = {isa = PBXFileReference; lastKnownFileType = sourcecode.swift; path = WeatherDetail.swift; sourceTree = "<group>"; };
		1936D84D26045F2A00145F2A /* DailyWeather.swift */ = {isa = PBXFileReference; lastKnownFileType = sourcecode.swift; path = DailyWeather.swift; sourceTree = "<group>"; };
		1936D85026045F3E00145F2A /* Temperature.swift */ = {isa = PBXFileReference; lastKnownFileType = sourcecode.swift; path = Temperature.swift; sourceTree = "<group>"; };
		1936D853260469C100145F2A /* CityViewViewModel.swift */ = {isa = PBXFileReference; lastKnownFileType = sourcecode.swift; path = CityViewViewModel.swift; sourceTree = "<group>"; };
		1936D85B260470D400145F2A /* LottieView.swift */ = {isa = PBXFileReference; lastKnownFileType = sourcecode.swift; path = LottieView.swift; sourceTree = "<group>"; };
		1936D85E2604725800145F2A /* nightClearSky.json */ = {isa = PBXFileReference; fileEncoding = 4; lastKnownFileType = text.json; path = nightClearSky.json; sourceTree = "<group>"; };
		1936D85F2604725800145F2A /* nightShowerRains.json */ = {isa = PBXFileReference; fileEncoding = 4; lastKnownFileType = text.json; path = nightShowerRains.json; sourceTree = "<group>"; };
		1936D8602604725800145F2A /* dayClearSky.json */ = {isa = PBXFileReference; fileEncoding = 4; lastKnownFileType = text.json; path = dayClearSky.json; sourceTree = "<group>"; };
		1936D8612604725800145F2A /* dayScatteredClouds.json */ = {isa = PBXFileReference; fileEncoding = 4; lastKnownFileType = text.json; path = dayScatteredClouds.json; sourceTree = "<group>"; };
		1936D8622604725800145F2A /* nightThunderstorm.json */ = {isa = PBXFileReference; fileEncoding = 4; lastKnownFileType = text.json; path = nightThunderstorm.json; sourceTree = "<group>"; };
		1936D8632604725900145F2A /* dayFewClouds.json */ = {isa = PBXFileReference; fileEncoding = 4; lastKnownFileType = text.json; path = dayFewClouds.json; sourceTree = "<group>"; };
		1936D8642604725900145F2A /* dayThunderstorm.json */ = {isa = PBXFileReference; fileEncoding = 4; lastKnownFileType = text.json; path = dayThunderstorm.json; sourceTree = "<group>"; };
		1936D8652604725900145F2A /* dayRain.json */ = {isa = PBXFileReference; fileEncoding = 4; lastKnownFileType = text.json; path = dayRain.json; sourceTree = "<group>"; };
		1936D8662604725900145F2A /* dayMist.json */ = {isa = PBXFileReference; fileEncoding = 4; lastKnownFileType = text.json; path = dayMist.json; sourceTree = "<group>"; };
		1936D8672604725900145F2A /* nightFewClouds.json */ = {isa = PBXFileReference; fileEncoding = 4; lastKnownFileType = text.json; path = nightFewClouds.json; sourceTree = "<group>"; };
		1936D8682604725A00145F2A /* nightScatteredClouds.json */ = {isa = PBXFileReference; fileEncoding = 4; lastKnownFileType = text.json; path = nightScatteredClouds.json; sourceTree = "<group>"; };
		1936D8692604725A00145F2A /* nightBrokenClouds.json */ = {isa = PBXFileReference; fileEncoding = 4; lastKnownFileType = text.json; path = nightBrokenClouds.json; sourceTree = "<group>"; };
		1936D86A2604725A00145F2A /* nightRain.json */ = {isa = PBXFileReference; fileEncoding = 4; lastKnownFileType = text.json; path = nightRain.json; sourceTree = "<group>"; };
		1936D86B2604725A00145F2A /* dayBrokenClouds.json */ = {isa = PBXFileReference; fileEncoding = 4; lastKnownFileType = text.json; path = dayBrokenClouds.json; sourceTree = "<group>"; };
		1936D86C2604725A00145F2A /* daySnow.json */ = {isa = PBXFileReference; fileEncoding = 4; lastKnownFileType = text.json; path = daySnow.json; sourceTree = "<group>"; };
		1936D86D2604725B00145F2A /* nightMist.json */ = {isa = PBXFileReference; fileEncoding = 4; lastKnownFileType = text.json; path = nightMist.json; sourceTree = "<group>"; };
		1936D86E2604725B00145F2A /* dayShowerRains.json */ = {isa = PBXFileReference; fileEncoding = 4; lastKnownFileType = text.json; path = dayShowerRains.json; sourceTree = "<group>"; };
		1936D86F2604725B00145F2A /* nightSnow.json */ = {isa = PBXFileReference; fileEncoding = 4; lastKnownFileType = text.json; path = nightSnow.json; sourceTree = "<group>"; };
		1936D8832604727F00145F2A /* MenuHeaderView.swift */ = {isa = PBXFileReference; lastKnownFileType = sourcecode.swift; path = MenuHeaderView.swift; sourceTree = "<group>"; };
		1936D8862604757000145F2A /* CityNameView.swift */ = {isa = PBXFileReference; lastKnownFileType = sourcecode.swift; path = CityNameView.swift; sourceTree = "<group>"; };
		1936D8892604762400145F2A /* TodayWeatherView.swift */ = {isa = PBXFileReference; lastKnownFileType = sourcecode.swift; path = TodayWeatherView.swift; sourceTree = "<group>"; };
		1936D88C26047A3100145F2A /* HourlyWeatherView.swift */ = {isa = PBXFileReference; lastKnownFileType = sourcecode.swift; path = HourlyWeatherView.swift; sourceTree = "<group>"; };
		1936D88F26047C3C00145F2A /* DailyWeatherView.swift */ = {isa = PBXFileReference; fileEncoding = 4; lastKnownFileType = sourcecode.swift; path = DailyWeatherView.swift; sourceTree = "<group>"; };
		1936D89026047C3C00145F2A /* CityView.swift */ = {isa = PBXFileReference; fileEncoding = 4; lastKnownFileType = sourcecode.swift; path = CityView.swift; sourceTree = "<group>"; };
/* End PBXFileReference section */

/* Begin PBXFrameworksBuildPhase section */
		1936D81F2604585400145F2A /* Frameworks */ = {
			isa = PBXFrameworksBuildPhase;
			buildActionMask = 2147483647;
			files = (
				1936D8592604709200145F2A /* Lottie in Frameworks */,
			);
			runOnlyForDeploymentPostprocessing = 0;
		};
/* End PBXFrameworksBuildPhase section */

/* Begin PBXGroup section */
		1936D8192604585400145F2A = {
			isa = PBXGroup;
			children = (
				1936D8242604585400145F2A /* Weather MVVM */,
				1936D8232604585400145F2A /* Products */,
			);
			sourceTree = "<group>";
		};
		1936D8232604585400145F2A /* Products */ = {
			isa = PBXGroup;
			children = (
				1936D8222604585400145F2A /* Weather MVVM.app */,
			);
			name = Products;
			sourceTree = "<group>";
		};
		1936D8242604585400145F2A /* Weather MVVM */ = {
			isa = PBXGroup;
			children = (
				1936D83A26045AAC00145F2A /* LottieAnimations */,
				1936D83926045AA600145F2A /* ViewModels */,
				1936D83826045AA000145F2A /* Views */,
				1936D83726045A9A00145F2A /* Models */,
				1936D83626045A8F00145F2A /* Networking */,
				1936D83526045A7D00145F2A /* Helpers */,
				1936D8252604585400145F2A /* Weather_MVVMApp.swift */,
				1936D8272604585400145F2A /* ContentView.swift */,
				1936D8292604585900145F2A /* Assets.xcassets */,
				1936D82E2604585900145F2A /* Info.plist */,
				1936D82B2604585900145F2A /* Preview Content */,
			);
			path = "Weather MVVM";
			sourceTree = "<group>";
		};
		1936D82B2604585900145F2A /* Preview Content */ = {
			isa = PBXGroup;
			children = (
				1936D82C2604585900145F2A /* Preview Assets.xcassets */,
			);
			path = "Preview Content";
			sourceTree = "<group>";
		};
		1936D83526045A7D00145F2A /* Helpers */ = {
			isa = PBXGroup;
			children = (
			);
			path = Helpers;
			sourceTree = "<group>";
		};
		1936D83626045A8F00145F2A /* Networking */ = {
			isa = PBXGroup;
			children = (
				1936D83B26045AEF00145F2A /* API.swift */,
				1936D83E26045B1000145F2A /* API+Extensions.swift */,
				1936D84126045C3D00145F2A /* NetworkManager.swift */,
			);
			path = Networking;
			sourceTree = "<group>";
		};
		1936D83726045A9A00145F2A /* Models */ = {
			isa = PBXGroup;
			children = (
				1936D84426045ED300145F2A /* WeatherResponse.swift */,
				1936D84726045F0600145F2A /* Weather.swift */,
				1936D84A26045F1D00145F2A /* WeatherDetail.swift */,
				1936D84D26045F2A00145F2A /* DailyWeather.swift */,
				1936D85026045F3E00145F2A /* Temperature.swift */,
			);
			path = Models;
			sourceTree = "<group>";
		};
		1936D83826045AA000145F2A /* Views */ = {
			isa = PBXGroup;
			children = (
				1936D89026047C3C00145F2A /* CityView.swift */,
				1936D88F26047C3C00145F2A /* DailyWeatherView.swift */,
				1936D85B260470D400145F2A /* LottieView.swift */,
				1936D8832604727F00145F2A /* MenuHeaderView.swift */,
				1936D8862604757000145F2A /* CityNameView.swift */,
				1936D8892604762400145F2A /* TodayWeatherView.swift */,
				1936D88C26047A3100145F2A /* HourlyWeatherView.swift */,
			);
			path = Views;
			sourceTree = "<group>";
		};
		1936D83926045AA600145F2A /* ViewModels */ = {
			isa = PBXGroup;
			children = (
				1936D853260469C100145F2A /* CityViewViewModel.swift */,
			);
			path = ViewModels;
			sourceTree = "<group>";
		};
		1936D83A26045AAC00145F2A /* LottieAnimations */ = {
			isa = PBXGroup;
			children = (
				1936D86B2604725A00145F2A /* dayBrokenClouds.json */,
				1936D8602604725800145F2A /* dayClearSky.json */,
				1936D8632604725900145F2A /* dayFewClouds.json */,
				1936D8662604725900145F2A /* dayMist.json */,
				1936D8652604725900145F2A /* dayRain.json */,
				1936D8612604725800145F2A /* dayScatteredClouds.json */,
				1936D86E2604725B00145F2A /* dayShowerRains.json */,
				1936D86C2604725A00145F2A /* daySnow.json */,
				1936D8642604725900145F2A /* dayThunderstorm.json */,
				1936D8692604725A00145F2A /* nightBrokenClouds.json */,
				1936D85E2604725800145F2A /* nightClearSky.json */,
				1936D8672604725900145F2A /* nightFewClouds.json */,
				1936D86D2604725B00145F2A /* nightMist.json */,
				1936D86A2604725A00145F2A /* nightRain.json */,
				1936D8682604725A00145F2A /* nightScatteredClouds.json */,
				1936D85F2604725800145F2A /* nightShowerRains.json */,
				1936D86F2604725B00145F2A /* nightSnow.json */,
				1936D8622604725800145F2A /* nightThunderstorm.json */,
			);
			path = LottieAnimations;
			sourceTree = "<group>";
		};
/* End PBXGroup section */

/* Begin PBXNativeTarget section */
		1936D8212604585400145F2A /* Weather MVVM */ = {
			isa = PBXNativeTarget;
			buildConfigurationList = 1936D8312604585900145F2A /* Build configuration list for PBXNativeTarget "Weather MVVM" */;
			buildPhases = (
				1936D81E2604585400145F2A /* Sources */,
				1936D81F2604585400145F2A /* Frameworks */,
				1936D8202604585400145F2A /* Resources */,
			);
			buildRules = (
			);
			dependencies = (
			);
			name = "Weather MVVM";
			packageProductDependencies = (
				1936D8582604709200145F2A /* Lottie */,
			);
			productName = "Weather MVVM";
			productReference = 1936D8222604585400145F2A /* Weather MVVM.app */;
			productType = "com.apple.product-type.application";
		};
/* End PBXNativeTarget section */

/* Begin PBXProject section */
		1936D81A2604585400145F2A /* Project object */ = {
			isa = PBXProject;
			attributes = {
				LastSwiftUpdateCheck = 1240;
				LastUpgradeCheck = 1240;
				TargetAttributes = {
					1936D8212604585400145F2A = {
						CreatedOnToolsVersion = 12.4;
					};
				};
			};
			buildConfigurationList = 1936D81D2604585400145F2A /* Build configuration list for PBXProject "Weather MVVM" */;
			compatibilityVersion = "Xcode 9.3";
			developmentRegion = en;
			hasScannedForEncodings = 0;
			knownRegions = (
				en,
				Base,
			);
			mainGroup = 1936D8192604585400145F2A;
			packageReferences = (
				1936D8572604709200145F2A /* XCRemoteSwiftPackageReference "lottie-ios" */,
			);
			productRefGroup = 1936D8232604585400145F2A /* Products */;
			projectDirPath = "";
			projectRoot = "";
			targets = (
				1936D8212604585400145F2A /* Weather MVVM */,
			);
		};
/* End PBXProject section */

/* Begin PBXResourcesBuildPhase section */
		1936D8202604585400145F2A /* Resources */ = {
			isa = PBXResourcesBuildPhase;
			buildActionMask = 2147483647;
			files = (
				1936D8712604725B00145F2A /* nightShowerRains.json in Resources */,
				1936D8792604725B00145F2A /* nightFewClouds.json in Resources */,
				1936D82D2604585900145F2A /* Preview Assets.xcassets in Resources */,
				1936D8732604725B00145F2A /* dayScatteredClouds.json in Resources */,
				1936D87E2604725B00145F2A /* daySnow.json in Resources */,
				1936D87C2604725B00145F2A /* nightRain.json in Resources */,
				1936D87D2604725B00145F2A /* dayBrokenClouds.json in Resources */,
				1936D8752604725B00145F2A /* dayFewClouds.json in Resources */,
				1936D8772604725B00145F2A /* dayRain.json in Resources */,
				1936D8742604725B00145F2A /* nightThunderstorm.json in Resources */,
				1936D8762604725B00145F2A /* dayThunderstorm.json in Resources */,
				1936D87A2604725B00145F2A /* nightScatteredClouds.json in Resources */,
				1936D82A2604585900145F2A /* Assets.xcassets in Resources */,
				1936D8702604725B00145F2A /* nightClearSky.json in Resources */,
				1936D8782604725B00145F2A /* dayMist.json in Resources */,
				1936D8722604725B00145F2A /* dayClearSky.json in Resources */,
				1936D8802604725B00145F2A /* dayShowerRains.json in Resources */,
				1936D87B2604725B00145F2A /* nightBrokenClouds.json in Resources */,
				1936D87F2604725B00145F2A /* nightMist.json in Resources */,
				1936D8812604725B00145F2A /* nightSnow.json in Resources */,
			);
			runOnlyForDeploymentPostprocessing = 0;
		};
/* End PBXResourcesBuildPhase section */

/* Begin PBXSourcesBuildPhase section */
		1936D81E2604585400145F2A /* Sources */ = {
			isa = PBXSourcesBuildPhase;
			buildActionMask = 2147483647;
			files = (
				1936D89126047C3C00145F2A /* DailyWeatherView.swift in Sources */,
				1936D88D26047A3100145F2A /* HourlyWeatherView.swift in Sources */,
				1936D83F26045B1000145F2A /* API+Extensions.swift in Sources */,
				1936D854260469C100145F2A /* CityViewViewModel.swift in Sources */,
				1936D8872604757000145F2A /* CityNameView.swift in Sources */,
				1936D84B26045F1D00145F2A /* WeatherDetail.swift in Sources */,
				1936D84526045ED300145F2A /* WeatherResponse.swift in Sources */,
				1936D89226047C3C00145F2A /* CityView.swift in Sources */,
				1936D8282604585400145F2A /* ContentView.swift in Sources */,
				1936D84226045C3D00145F2A /* NetworkManager.swift in Sources */,
				1936D83C26045AEF00145F2A /* API.swift in Sources */,
				1936D8842604727F00145F2A /* MenuHeaderView.swift in Sources */,
				1936D8262604585400145F2A /* Weather_MVVMApp.swift in Sources */,
				1936D84826045F0600145F2A /* Weather.swift in Sources */,
				1936D88A2604762400145F2A /* TodayWeatherView.swift in Sources */,
				1936D85126045F3E00145F2A /* Temperature.swift in Sources */,
				1936D84E26045F2A00145F2A /* DailyWeather.swift in Sources */,
				1936D85C260470D400145F2A /* LottieView.swift in Sources */,
			);
			runOnlyForDeploymentPostprocessing = 0;
		};
/* End PBXSourcesBuildPhase section */

/* Begin XCBuildConfiguration section */
		1936D82F2604585900145F2A /* Debug */ = {
			isa = XCBuildConfiguration;
			buildSettings = {
				ALWAYS_SEARCH_USER_PATHS = NO;
				CLANG_ANALYZER_NONNULL = YES;
				CLANG_ANALYZER_NUMBER_OBJECT_CONVERSION = YES_AGGRESSIVE;
				CLANG_CXX_LANGUAGE_STANDARD = "gnu++14";
				CLANG_CXX_LIBRARY = "libc++";
				CLANG_ENABLE_MODULES = YES;
				CLANG_ENABLE_OBJC_ARC = YES;
				CLANG_ENABLE_OBJC_WEAK = YES;
				CLANG_WARN_BLOCK_CAPTURE_AUTORELEASING = YES;
				CLANG_WARN_BOOL_CONVERSION = YES;
				CLANG_WARN_COMMA = YES;
				CLANG_WARN_CONSTANT_CONVERSION = YES;
				CLANG_WARN_DEPRECATED_OBJC_IMPLEMENTATIONS = YES;
				CLANG_WARN_DIRECT_OBJC_ISA_USAGE = YES_ERROR;
				CLANG_WARN_DOCUMENTATION_COMMENTS = YES;
				CLANG_WARN_EMPTY_BODY = YES;
				CLANG_WARN_ENUM_CONVERSION = YES;
				CLANG_WARN_INFINITE_RECURSION = YES;
				CLANG_WARN_INT_CONVERSION = YES;
				CLANG_WARN_NON_LITERAL_NULL_CONVERSION = YES;
				CLANG_WARN_OBJC_IMPLICIT_RETAIN_SELF = YES;
				CLANG_WARN_OBJC_LITERAL_CONVERSION = YES;
				CLANG_WARN_OBJC_ROOT_CLASS = YES_ERROR;
				CLANG_WARN_QUOTED_INCLUDE_IN_FRAMEWORK_HEADER = YES;
				CLANG_WARN_RANGE_LOOP_ANALYSIS = YES;
				CLANG_WARN_STRICT_PROTOTYPES = YES;
				CLANG_WARN_SUSPICIOUS_MOVE = YES;
				CLANG_WARN_UNGUARDED_AVAILABILITY = YES_AGGRESSIVE;
				CLANG_WARN_UNREACHABLE_CODE = YES;
				CLANG_WARN__DUPLICATE_METHOD_MATCH = YES;
				COPY_PHASE_STRIP = NO;
				DEBUG_INFORMATION_FORMAT = dwarf;
				ENABLE_STRICT_OBJC_MSGSEND = YES;
				ENABLE_TESTABILITY = YES;
				GCC_C_LANGUAGE_STANDARD = gnu11;
				GCC_DYNAMIC_NO_PIC = NO;
				GCC_NO_COMMON_BLOCKS = YES;
				GCC_OPTIMIZATION_LEVEL = 0;
				GCC_PREPROCESSOR_DEFINITIONS = (
					"DEBUG=1",
					"$(inherited)",
				);
				GCC_WARN_64_TO_32_BIT_CONVERSION = YES;
				GCC_WARN_ABOUT_RETURN_TYPE = YES_ERROR;
				GCC_WARN_UNDECLARED_SELECTOR = YES;
				GCC_WARN_UNINITIALIZED_AUTOS = YES_AGGRESSIVE;
				GCC_WARN_UNUSED_FUNCTION = YES;
				GCC_WARN_UNUSED_VARIABLE = YES;
				IPHONEOS_DEPLOYMENT_TARGET = 14.4;
				MTL_ENABLE_DEBUG_INFO = INCLUDE_SOURCE;
				MTL_FAST_MATH = YES;
				ONLY_ACTIVE_ARCH = YES;
				SDKROOT = iphoneos;
				SWIFT_ACTIVE_COMPILATION_CONDITIONS = DEBUG;
				SWIFT_OPTIMIZATION_LEVEL = "-Onone";
			};
			name = Debug;
		};
		1936D8302604585900145F2A /* Release */ = {
			isa = XCBuildConfiguration;
			buildSettings = {
				ALWAYS_SEARCH_USER_PATHS = NO;
				CLANG_ANALYZER_NONNULL = YES;
				CLANG_ANALYZER_NUMBER_OBJECT_CONVERSION = YES_AGGRESSIVE;
				CLANG_CXX_LANGUAGE_STANDARD = "gnu++14";
				CLANG_CXX_LIBRARY = "libc++";
				CLANG_ENABLE_MODULES = YES;
				CLANG_ENABLE_OBJC_ARC = YES;
				CLANG_ENABLE_OBJC_WEAK = YES;
				CLANG_WARN_BLOCK_CAPTURE_AUTORELEASING = YES;
				CLANG_WARN_BOOL_CONVERSION = YES;
				CLANG_WARN_COMMA = YES;
				CLANG_WARN_CONSTANT_CONVERSION = YES;
				CLANG_WARN_DEPRECATED_OBJC_IMPLEMENTATIONS = YES;
				CLANG_WARN_DIRECT_OBJC_ISA_USAGE = YES_ERROR;
				CLANG_WARN_DOCUMENTATION_COMMENTS = YES;
				CLANG_WARN_EMPTY_BODY = YES;
				CLANG_WARN_ENUM_CONVERSION = YES;
				CLANG_WARN_INFINITE_RECURSION = YES;
				CLANG_WARN_INT_CONVERSION = YES;
				CLANG_WARN_NON_LITERAL_NULL_CONVERSION = YES;
				CLANG_WARN_OBJC_IMPLICIT_RETAIN_SELF = YES;
				CLANG_WARN_OBJC_LITERAL_CONVERSION = YES;
				CLANG_WARN_OBJC_ROOT_CLASS = YES_ERROR;
				CLANG_WARN_QUOTED_INCLUDE_IN_FRAMEWORK_HEADER = YES;
				CLANG_WARN_RANGE_LOOP_ANALYSIS = YES;
				CLANG_WARN_STRICT_PROTOTYPES = YES;
				CLANG_WARN_SUSPICIOUS_MOVE = YES;
				CLANG_WARN_UNGUARDED_AVAILABILITY = YES_AGGRESSIVE;
				CLANG_WARN_UNREACHABLE_CODE = YES;
				CLANG_WARN__DUPLICATE_METHOD_MATCH = YES;
				COPY_PHASE_STRIP = NO;
				DEBUG_INFORMATION_FORMAT = "dwarf-with-dsym";
				ENABLE_NS_ASSERTIONS = NO;
				ENABLE_STRICT_OBJC_MSGSEND = YES;
				GCC_C_LANGUAGE_STANDARD = gnu11;
				GCC_NO_COMMON_BLOCKS = YES;
				GCC_WARN_64_TO_32_BIT_CONVERSION = YES;
				GCC_WARN_ABOUT_RETURN_TYPE = YES_ERROR;
				GCC_WARN_UNDECLARED_SELECTOR = YES;
				GCC_WARN_UNINITIALIZED_AUTOS = YES_AGGRESSIVE;
				GCC_WARN_UNUSED_FUNCTION = YES;
				GCC_WARN_UNUSED_VARIABLE = YES;
				IPHONEOS_DEPLOYMENT_TARGET = 14.4;
				MTL_ENABLE_DEBUG_INFO = NO;
				MTL_FAST_MATH = YES;
				SDKROOT = iphoneos;
				SWIFT_COMPILATION_MODE = wholemodule;
				SWIFT_OPTIMIZATION_LEVEL = "-O";
				VALIDATE_PRODUCT = YES;
			};
			name = Release;
		};
		1936D8322604585900145F2A /* Debug */ = {
			isa = XCBuildConfiguration;
			buildSettings = {
				ASSETCATALOG_COMPILER_APPICON_NAME = AppIcon;
				ASSETCATALOG_COMPILER_GLOBAL_ACCENT_COLOR_NAME = AccentColor;
				CODE_SIGN_STYLE = Automatic;
				DEVELOPMENT_ASSET_PATHS = "\"Weather MVVM/Preview Content\"";
				DEVELOPMENT_TEAM = SP83WFVXUM;
				ENABLE_PREVIEWS = YES;
				INFOPLIST_FILE = "Weather MVVM/Info.plist";
				IPHONEOS_DEPLOYMENT_TARGET = 14.0;
				LD_RUNPATH_SEARCH_PATHS = (
					"$(inherited)",
					"@executable_path/Frameworks",
				);
				PRODUCT_BUNDLE_IDENTIFIER = "com.tulsivanol.coder.Weather-MVVM";
				PRODUCT_NAME = "$(TARGET_NAME)";
				SWIFT_VERSION = 5.0;
				TARGETED_DEVICE_FAMILY = "1,2";
			};
			name = Debug;
		};
		1936D8332604585900145F2A /* Release */ = {
			isa = XCBuildConfiguration;
			buildSettings = {
				ASSETCATALOG_COMPILER_APPICON_NAME = AppIcon;
				ASSETCATALOG_COMPILER_GLOBAL_ACCENT_COLOR_NAME = AccentColor;
				CODE_SIGN_STYLE = Automatic;
				DEVELOPMENT_ASSET_PATHS = "\"Weather MVVM/Preview Content\"";
				DEVELOPMENT_TEAM = SP83WFVXUM;
				ENABLE_PREVIEWS = YES;
				INFOPLIST_FILE = "Weather MVVM/Info.plist";
				IPHONEOS_DEPLOYMENT_TARGET = 14.0;
				LD_RUNPATH_SEARCH_PATHS = (
					"$(inherited)",
					"@executable_path/Frameworks",
				);
				PRODUCT_BUNDLE_IDENTIFIER = "com.tulsivanol.coder.Weather-MVVM";
				PRODUCT_NAME = "$(TARGET_NAME)";
				SWIFT_VERSION = 5.0;
				TARGETED_DEVICE_FAMILY = "1,2";
			};
			name = Release;
		};
/* End XCBuildConfiguration section */

/* Begin XCConfigurationList section */
		1936D81D2604585400145F2A /* Build configuration list for PBXProject "Weather MVVM" */ = {
			isa = XCConfigurationList;
			buildConfigurations = (
				1936D82F2604585900145F2A /* Debug */,
				1936D8302604585900145F2A /* Release */,
			);
			defaultConfigurationIsVisible = 0;
			defaultConfigurationName = Release;
		};
		1936D8312604585900145F2A /* Build configuration list for PBXNativeTarget "Weather MVVM" */ = {
			isa = XCConfigurationList;
			buildConfigurations = (
				1936D8322604585900145F2A /* Debug */,
				1936D8332604585900145F2A /* Release */,
			);
			defaultConfigurationIsVisible = 0;
			defaultConfigurationName = Release;
		};
/* End XCConfigurationList section */

/* Begin XCRemoteSwiftPackageReference section */
		1936D8572604709200145F2A /* XCRemoteSwiftPackageReference "lottie-ios" */ = {
			isa = XCRemoteSwiftPackageReference;
			repositoryURL = "https://github.com/airbnb/lottie-ios.git";
			requirement = {
				kind = upToNextMajorVersion;
				minimumVersion = 3.2.1;
			};
		};
/* End XCRemoteSwiftPackageReference section */

/* Begin XCSwiftPackageProductDependency section */
		1936D8582604709200145F2A /* Lottie */ = {
			isa = XCSwiftPackageProductDependency;
			package = 1936D8572604709200145F2A /* XCRemoteSwiftPackageReference "lottie-ios" */;
			productName = Lottie;
		};
/* End XCSwiftPackageProductDependency section */
	};
	rootObject = 1936D81A2604585400145F2A /* Project object */;
}
